Microsoft Visual Studio Solution File, Format Version 12.00
# Visual Studio Version 17
VisualStudioVersion = 17.5.2.0
MinimumVisualStudioVersion = 10.0.40219.1
Project("{FAE04EC0-301F-11D3-BF4B-00C04F79EFBC}") = "TCF.API.LicenseManager", "TCF.API.LicenseManager.csproj", "{21AD491F-38F8-EC5D-32FA-8EFC74D7EAB2}"
EndProject
Global
	GlobalSection(SolutionConfigurationPlatforms) = preSolution
		Debug|Any CPU = Debug|Any CPU
		Release|Any CPU = Release|Any CPU
	EndGlobalSection
	GlobalSection(ProjectConfigurationPlatforms) = postSolution
		{21AD491F-38F8-EC5D-32FA-8EFC74D7EAB2}.Debug|Any CPU.ActiveCfg = Debug|Any CPU
		{21AD491F-38F8-EC5D-32FA-8EFC74D7EAB2}.Debug|Any CPU.Build.0 = Debug|Any CPU
		{21AD491F-38F8-EC5D-32FA-8EFC74D7EAB2}.Release|Any CPU.ActiveCfg = Release|Any CPU
		{21AD491F-38F8-EC5D-32FA-8EFC74D7EAB2}.Release|Any CPU.Build.0 = Release|Any CPU
	EndGlobalSection
	GlobalSection(SolutionProperties) = preSolution
		HideSolutionNode = FALSE
	EndGlobalSection
	GlobalSection(ExtensibilityGlobals) = postSolution
		SolutionGuid = {AA848DB0-5692-46E8-AEBC-6612A1262442}
	EndGlobalSection
EndGlobal
